
Microsoft Visual Studio Solution File, Format Version 12.00
# Visual Studio 14
VisualStudioVersion = 14.0.25420.1
MinimumVisualStudioVersion = 10.0.40219.1
Project("{FAE04EC0-301F-11D3-BF4B-00C04F79EFBC}") = "FakeBlog", "FakeBlog\FakeBlog.csproj", "{D3DADC40-6BB5-408B-ACFF-EA15CEAEFCAC}"
EndProject
Project("{FAE04EC0-301F-11D3-BF4B-00C04F79EFBC}") = "FakeBlog.Tests", "FakeBlog.Tests\FakeBlog.Tests.csproj", "{00C851AD-3271-46ED-BA5F-05F24E0AC03B}"
EndProject
Global
	GlobalSection(SolutionConfigurationPlatforms) = preSolution
		Debug|Any CPU = Debug|Any CPU
		Release|Any CPU = Release|Any CPU
	EndGlobalSection
	GlobalSection(ProjectConfigurationPlatforms) = postSolution
		{D3DADC40-6BB5-408B-ACFF-EA15CEAEFCAC}.Debug|Any CPU.ActiveCfg = Debug|Any CPU
		{D3DADC40-6BB5-408B-ACFF-EA15CEAEFCAC}.Debug|Any CPU.Build.0 = Debug|Any CPU
		{D3DADC40-6BB5-408B-ACFF-EA15CEAEFCAC}.Release|Any CPU.ActiveCfg = Release|Any CPU
		{D3DADC40-6BB5-408B-ACFF-EA15CEAEFCAC}.Release|Any CPU.Build.0 = Release|Any CPU
		{00C851AD-3271-46ED-BA5F-05F24E0AC03B}.Debug|Any CPU.ActiveCfg = Debug|Any CPU
		{00C851AD-3271-46ED-BA5F-05F24E0AC03B}.Debug|Any CPU.Build.0 = Debug|Any CPU
		{00C851AD-3271-46ED-BA5F-05F24E0AC03B}.Release|Any CPU.ActiveCfg = Release|Any CPU
		{00C851AD-3271-46ED-BA5F-05F24E0AC03B}.Release|Any CPU.Build.0 = Release|Any CPU
	EndGlobalSection
	GlobalSection(SolutionProperties) = preSolution
		HideSolutionNode = FALSE
	EndGlobalSection
EndGlobal
